
Microsoft Visual Studio Solution File, Format Version 12.00
# Visual Studio Version 16
VisualStudioVersion = 16.0.29411.108
MinimumVisualStudioVersion = 10.0.40219.1
Project("{888888A0-9F3D-457C-B088-3A5042F75D52}") = "neural_network", "neural_network.pyproj", "{22305EC6-C92A-4D07-ADA4-0B43DB58133B}"
EndProject
Global
	GlobalSection(SolutionConfigurationPlatforms) = preSolution
		Debug|Any CPU = Debug|Any CPU
		Release|Any CPU = Release|Any CPU
	EndGlobalSection
	GlobalSection(ProjectConfigurationPlatforms) = postSolution
		{22305EC6-C92A-4D07-ADA4-0B43DB58133B}.Debug|Any CPU.ActiveCfg = Debug|Any CPU
		{22305EC6-C92A-4D07-ADA4-0B43DB58133B}.Release|Any CPU.ActiveCfg = Release|Any CPU
	EndGlobalSection
	GlobalSection(SolutionProperties) = preSolution
		HideSolutionNode = FALSE
	EndGlobalSection
	GlobalSection(ExtensibilityGlobals) = postSolution
		SolutionGuid = {B5751C13-3B58-4F54-9FAD-200A4AC863B5}
	EndGlobalSection
EndGlobal
